
Microsoft Visual Studio Solution File, Format Version 12.00
# Visual Studio 15
VisualStudioVersion = 15.0.26124.0
MinimumVisualStudioVersion = 15.0.26124.0
Project("{FAE04EC0-301F-11D3-BF4B-00C04F79EFBC}") = "Chapter 01 - The Strategy Pattern", "Chapter 01 - The Strategy Pattern\Chapter 01 - The Strategy Pattern.csproj", "{5EB93BB4-3B0B-43AB-BC76-FAAF0591663E}"
EndProject
Project("{FAE04EC0-301F-11D3-BF4B-00C04F79EFBC}") = "Chapter 02 - The Observer Pattern", "Chapter 02 - The Observer Pattern\Chapter 02 - The Observer Pattern.csproj", "{EEC62803-B765-48D5-9D44-66DBF85A01CD}"
EndProject
Project("{FAE04EC0-301F-11D3-BF4B-00C04F79EFBC}") = "Chapter 03 - The Decorator Pattern", "Chapter 03 - The Decorator Pattern\Chapter 03 - The Decorator Pattern.csproj", "{C269FB1E-333C-4CA5-9677-744005DF4AC3}"
EndProject
Project("{FAE04EC0-301F-11D3-BF4B-00C04F79EFBC}") = "Chapter 04 - The Factory Pattern", "Chapter 04 - The Factory Pattern\Chapter 04 - The Factory Pattern.csproj", "{F203D480-1061-4D84-848A-B728A7F6ED9F}"
EndProject
Project("{FAE04EC0-301F-11D3-BF4B-00C04F79EFBC}") = "Chapter 05 - The Singleton Pattern", "Chapter 05 - The Singleton Pattern\Chapter 05 - The Singleton Pattern.csproj", "{40B19168-542E-44E0-B2B2-CBFFCFF31FEC}"
EndProject
Project("{FAE04EC0-301F-11D3-BF4B-00C04F79EFBC}") = "Chapter 06 - The Command Pattern", "Chapter 06 - The Command Pattern\Chapter 06 - The Command Pattern.csproj", "{884CBA9A-4662-4A07-BB36-42AD4462381D}"
EndProject
Project("{FAE04EC0-301F-11D3-BF4B-00C04F79EFBC}") = "Chapter 07 - The Adapter and Facade Patterns", "Chapter 07 - The Adapter and Facade Patterns\Chapter 07 - The Adapter and Facade Patterns.csproj", "{2A77126F-8BDF-4CB1-8CC9-B01BF0C9FDAF}"
EndProject
Project("{FAE04EC0-301F-11D3-BF4B-00C04F79EFBC}") = "Chapter 08 - The Template Method Pattern", "Chapter 08 - The Template Method Pattern\Chapter 08 - The Template Method Pattern.csproj", "{EDDF223B-C2AB-4766-BAB9-A156A1CC2DB2}"
EndProject
Global
	GlobalSection(SolutionProperties) = preSolution
		HideSolutionNode = FALSE
	EndGlobalSection
	GlobalSection(SolutionConfigurationPlatforms) = preSolution
		Debug|Any CPU = Debug|Any CPU
		Debug|x64 = Debug|x64
		Debug|x86 = Debug|x86
		Release|Any CPU = Release|Any CPU
		Release|x64 = Release|x64
		Release|x86 = Release|x86
	EndGlobalSection
	GlobalSection(ProjectConfigurationPlatforms) = postSolution
		{5EB93BB4-3B0B-43AB-BC76-FAAF0591663E}.Debug|Any CPU.ActiveCfg = Debug|Any CPU
		{5EB93BB4-3B0B-43AB-BC76-FAAF0591663E}.Debug|Any CPU.Build.0 = Debug|Any CPU
		{5EB93BB4-3B0B-43AB-BC76-FAAF0591663E}.Debug|x64.ActiveCfg = Debug|Any CPU
		{5EB93BB4-3B0B-43AB-BC76-FAAF0591663E}.Debug|x64.Build.0 = Debug|Any CPU
		{5EB93BB4-3B0B-43AB-BC76-FAAF0591663E}.Debug|x86.ActiveCfg = Debug|Any CPU
		{5EB93BB4-3B0B-43AB-BC76-FAAF0591663E}.Debug|x86.Build.0 = Debug|Any CPU
		{5EB93BB4-3B0B-43AB-BC76-FAAF0591663E}.Release|Any CPU.ActiveCfg = Release|Any CPU
		{5EB93BB4-3B0B-43AB-BC76-FAAF0591663E}.Release|Any CPU.Build.0 = Release|Any CPU
		{5EB93BB4-3B0B-43AB-BC76-FAAF0591663E}.Release|x64.ActiveCfg = Release|Any CPU
		{5EB93BB4-3B0B-43AB-BC76-FAAF0591663E}.Release|x64.Build.0 = Release|Any CPU
		{5EB93BB4-3B0B-43AB-BC76-FAAF0591663E}.Release|x86.ActiveCfg = Release|Any CPU
		{5EB93BB4-3B0B-43AB-BC76-FAAF0591663E}.Release|x86.Build.0 = Release|Any CPU
		{EEC62803-B765-48D5-9D44-66DBF85A01CD}.Debug|Any CPU.ActiveCfg = Debug|Any CPU
		{EEC62803-B765-48D5-9D44-66DBF85A01CD}.Debug|Any CPU.Build.0 = Debug|Any CPU
		{EEC62803-B765-48D5-9D44-66DBF85A01CD}.Debug|x64.ActiveCfg = Debug|Any CPU
		{EEC62803-B765-48D5-9D44-66DBF85A01CD}.Debug|x64.Build.0 = Debug|Any CPU
		{EEC62803-B765-48D5-9D44-66DBF85A01CD}.Debug|x86.ActiveCfg = Debug|Any CPU
		{EEC62803-B765-48D5-9D44-66DBF85A01CD}.Debug|x86.Build.0 = Debug|Any CPU
		{EEC62803-B765-48D5-9D44-66DBF85A01CD}.Release|Any CPU.ActiveCfg = Release|Any CPU
		{EEC62803-B765-48D5-9D44-66DBF85A01CD}.Release|Any CPU.Build.0 = Release|Any CPU
		{EEC62803-B765-48D5-9D44-66DBF85A01CD}.Release|x64.ActiveCfg = Release|Any CPU
		{EEC62803-B765-48D5-9D44-66DBF85A01CD}.Release|x64.Build.0 = Release|Any CPU
		{EEC62803-B765-48D5-9D44-66DBF85A01CD}.Release|x86.ActiveCfg = Release|Any CPU
		{EEC62803-B765-48D5-9D44-66DBF85A01CD}.Release|x86.Build.0 = Release|Any CPU
		{C269FB1E-333C-4CA5-9677-744005DF4AC3}.Debug|Any CPU.ActiveCfg = Debug|Any CPU
		{C269FB1E-333C-4CA5-9677-744005DF4AC3}.Debug|Any CPU.Build.0 = Debug|Any CPU
		{C269FB1E-333C-4CA5-9677-744005DF4AC3}.Debug|x64.ActiveCfg = Debug|Any CPU
		{C269FB1E-333C-4CA5-9677-744005DF4AC3}.Debug|x64.Build.0 = Debug|Any CPU
		{C269FB1E-333C-4CA5-9677-744005DF4AC3}.Debug|x86.ActiveCfg = Debug|Any CPU
		{C269FB1E-333C-4CA5-9677-744005DF4AC3}.Debug|x86.Build.0 = Debug|Any CPU
		{C269FB1E-333C-4CA5-9677-744005DF4AC3}.Release|Any CPU.ActiveCfg = Debug|Any CPU
		{C269FB1E-333C-4CA5-9677-744005DF4AC3}.Release|Any CPU.Build.0 = Debug|Any CPU
		{C269FB1E-333C-4CA5-9677-744005DF4AC3}.Release|x64.ActiveCfg = Debug|Any CPU
		{C269FB1E-333C-4CA5-9677-744005DF4AC3}.Release|x64.Build.0 = Debug|Any CPU
		{C269FB1E-333C-4CA5-9677-744005DF4AC3}.Release|x86.ActiveCfg = Debug|Any CPU
		{C269FB1E-333C-4CA5-9677-744005DF4AC3}.Release|x86.Build.0 = Debug|Any CPU
		{F203D480-1061-4D84-848A-B728A7F6ED9F}.Debug|Any CPU.ActiveCfg = Debug|Any CPU
		{F203D480-1061-4D84-848A-B728A7F6ED9F}.Debug|Any CPU.Build.0 = Debug|Any CPU
		{F203D480-1061-4D84-848A-B728A7F6ED9F}.Debug|x64.ActiveCfg = Debug|Any CPU
		{F203D480-1061-4D84-848A-B728A7F6ED9F}.Debug|x64.Build.0 = Debug|Any CPU
		{F203D480-1061-4D84-848A-B728A7F6ED9F}.Debug|x86.ActiveCfg = Debug|Any CPU
		{F203D480-1061-4D84-848A-B728A7F6ED9F}.Debug|x86.Build.0 = Debug|Any CPU
		{F203D480-1061-4D84-848A-B728A7F6ED9F}.Release|Any CPU.ActiveCfg = Release|Any CPU
		{F203D480-1061-4D84-848A-B728A7F6ED9F}.Release|Any CPU.Build.0 = Release|Any CPU
		{F203D480-1061-4D84-848A-B728A7F6ED9F}.Release|x64.ActiveCfg = Release|Any CPU
		{F203D480-1061-4D84-848A-B728A7F6ED9F}.Release|x64.Build.0 = Release|Any CPU
		{F203D480-1061-4D84-848A-B728A7F6ED9F}.Release|x86.ActiveCfg = Release|Any CPU
		{F203D480-1061-4D84-848A-B728A7F6ED9F}.Release|x86.Build.0 = Release|Any CPU
		{40B19168-542E-44E0-B2B2-CBFFCFF31FEC}.Debug|Any CPU.ActiveCfg = Debug|Any CPU
		{40B19168-542E-44E0-B2B2-CBFFCFF31FEC}.Debug|Any CPU.Build.0 = Debug|Any CPU
		{40B19168-542E-44E0-B2B2-CBFFCFF31FEC}.Debug|x64.ActiveCfg = Debug|Any CPU
		{40B19168-542E-44E0-B2B2-CBFFCFF31FEC}.Debug|x64.Build.0 = Debug|Any CPU
		{40B19168-542E-44E0-B2B2-CBFFCFF31FEC}.Debug|x86.ActiveCfg = Debug|Any CPU
		{40B19168-542E-44E0-B2B2-CBFFCFF31FEC}.Debug|x86.Build.0 = Debug|Any CPU
		{40B19168-542E-44E0-B2B2-CBFFCFF31FEC}.Release|Any CPU.ActiveCfg = Release|Any CPU
		{40B19168-542E-44E0-B2B2-CBFFCFF31FEC}.Release|Any CPU.Build.0 = Release|Any CPU
		{40B19168-542E-44E0-B2B2-CBFFCFF31FEC}.Release|x64.ActiveCfg = Release|Any CPU
		{40B19168-542E-44E0-B2B2-CBFFCFF31FEC}.Release|x64.Build.0 = Release|Any CPU
		{40B19168-542E-44E0-B2B2-CBFFCFF31FEC}.Release|x86.ActiveCfg = Release|Any CPU
		{40B19168-542E-44E0-B2B2-CBFFCFF31FEC}.Release|x86.Build.0 = Release|Any CPU
		{884CBA9A-4662-4A07-BB36-42AD4462381D}.Debug|Any CPU.ActiveCfg = Debug|Any CPU
		{884CBA9A-4662-4A07-BB36-42AD4462381D}.Debug|Any CPU.Build.0 = Debug|Any CPU
		{884CBA9A-4662-4A07-BB36-42AD4462381D}.Debug|x64.ActiveCfg = Debug|Any CPU
		{884CBA9A-4662-4A07-BB36-42AD4462381D}.Debug|x64.Build.0 = Debug|Any CPU
		{884CBA9A-4662-4A07-BB36-42AD4462381D}.Debug|x86.ActiveCfg = Debug|Any CPU
		{884CBA9A-4662-4A07-BB36-42AD4462381D}.Debug|x86.Build.0 = Debug|Any CPU
		{884CBA9A-4662-4A07-BB36-42AD4462381D}.Release|Any CPU.ActiveCfg = Release|Any CPU
		{884CBA9A-4662-4A07-BB36-42AD4462381D}.Release|Any CPU.Build.0 = Release|Any CPU
		{884CBA9A-4662-4A07-BB36-42AD4462381D}.Release|x64.ActiveCfg = Release|Any CPU
		{884CBA9A-4662-4A07-BB36-42AD4462381D}.Release|x64.Build.0 = Release|Any CPU
		{884CBA9A-4662-4A07-BB36-42AD4462381D}.Release|x86.ActiveCfg = Release|Any CPU
		{884CBA9A-4662-4A07-BB36-42AD4462381D}.Release|x86.Build.0 = Release|Any CPU
		{2A77126F-8BDF-4CB1-8CC9-B01BF0C9FDAF}.Debug|Any CPU.ActiveCfg = Debug|Any CPU
		{2A77126F-8BDF-4CB1-8CC9-B01BF0C9FDAF}.Debug|Any CPU.Build.0 = Debug|Any CPU
		{2A77126F-8BDF-4CB1-8CC9-B01BF0C9FDAF}.Debug|x64.ActiveCfg = Debug|Any CPU
		{2A77126F-8BDF-4CB1-8CC9-B01BF0C9FDAF}.Debug|x64.Build.0 = Debug|Any CPU
		{2A77126F-8BDF-4CB1-8CC9-B01BF0C9FDAF}.Debug|x86.ActiveCfg = Debug|Any CPU
		{2A77126F-8BDF-4CB1-8CC9-B01BF0C9FDAF}.Debug|x86.Build.0 = Debug|Any CPU
		{2A77126F-8BDF-4CB1-8CC9-B01BF0C9FDAF}.Release|Any CPU.ActiveCfg = Release|Any CPU
		{2A77126F-8BDF-4CB1-8CC9-B01BF0C9FDAF}.Release|Any CPU.Build.0 = Release|Any CPU
		{2A77126F-8BDF-4CB1-8CC9-B01BF0C9FDAF}.Release|x64.ActiveCfg = Release|Any CPU
		{2A77126F-8BDF-4CB1-8CC9-B01BF0C9FDAF}.Release|x64.Build.0 = Release|Any CPU
		{2A77126F-8BDF-4CB1-8CC9-B01BF0C9FDAF}.Release|x86.ActiveCfg = Release|Any CPU
		{2A77126F-8BDF-4CB1-8CC9-B01BF0C9FDAF}.Release|x86.Build.0 = Release|Any CPU
		{EDDF223B-C2AB-4766-BAB9-A156A1CC2DB2}.Debug|Any CPU.ActiveCfg = Debug|Any CPU
		{EDDF223B-C2AB-4766-BAB9-A156A1CC2DB2}.Debug|Any CPU.Build.0 = Debug|Any CPU
		{EDDF223B-C2AB-4766-BAB9-A156A1CC2DB2}.Debug|x64.ActiveCfg = Debug|Any CPU
		{EDDF223B-C2AB-4766-BAB9-A156A1CC2DB2}.Debug|x64.Build.0 = Debug|Any CPU
		{EDDF223B-C2AB-4766-BAB9-A156A1CC2DB2}.Debug|x86.ActiveCfg = Debug|Any CPU
		{EDDF223B-C2AB-4766-BAB9-A156A1CC2DB2}.Debug|x86.Build.0 = Debug|Any CPU
		{EDDF223B-C2AB-4766-BAB9-A156A1CC2DB2}.Release|Any CPU.ActiveCfg = Release|Any CPU
		{EDDF223B-C2AB-4766-BAB9-A156A1CC2DB2}.Release|Any CPU.Build.0 = Release|Any CPU
		{EDDF223B-C2AB-4766-BAB9-A156A1CC2DB2}.Release|x64.ActiveCfg = Release|Any CPU
		{EDDF223B-C2AB-4766-BAB9-A156A1CC2DB2}.Release|x64.Build.0 = Release|Any CPU
		{EDDF223B-C2AB-4766-BAB9-A156A1CC2DB2}.Release|x86.ActiveCfg = Release|Any CPU
		{EDDF223B-C2AB-4766-BAB9-A156A1CC2DB2}.Release|x86.Build.0 = Release|Any CPU
	EndGlobalSection
EndGlobal
